
Microsoft Visual Studio Solution File, Format Version 12.00
# Visual Studio Version 17
VisualStudioVersion = 17.10.34928.147
MinimumVisualStudioVersion = 10.0.40219.1
Project("{FAE04EC0-301F-11D3-BF4B-00C04F79EFBC}") = "DevFreela.API", "DevFreela.API\DevFreela.API.csproj", "{86036E2D-1EDD-4D70-BFB9-A21B0F5609E6}"
EndProject
Global
	GlobalSection(SolutionConfigurationPlatforms) = preSolution
		Debug|Any CPU = Debug|Any CPU
		Release|Any CPU = Release|Any CPU
	EndGlobalSection
	GlobalSection(ProjectConfigurationPlatforms) = postSolution
		{86036E2D-1EDD-4D70-BFB9-A21B0F5609E6}.Debug|Any CPU.ActiveCfg = Debug|Any CPU
		{86036E2D-1EDD-4D70-BFB9-A21B0F5609E6}.Debug|Any CPU.Build.0 = Debug|Any CPU
		{86036E2D-1EDD-4D70-BFB9-A21B0F5609E6}.Release|Any CPU.ActiveCfg = Release|Any CPU
		{86036E2D-1EDD-4D70-BFB9-A21B0F5609E6}.Release|Any CPU.Build.0 = Release|Any CPU
	EndGlobalSection
	GlobalSection(SolutionProperties) = preSolution
		HideSolutionNode = FALSE
	EndGlobalSection
	GlobalSection(ExtensibilityGlobals) = postSolution
		SolutionGuid = {85D3BC8A-76C0-4590-92C5-F4D8125C93AB}
	EndGlobalSection
EndGlobal
